// !$*UTF8*$!
{
	archiveVersion = 1;
	classes = {
	};
	objectVersion = 56;
	objects = {

/* Begin PBXBuildFile section */
		CE15BC1A2A25051400569A2F /* graphicsArea.swift in Sources */ = {isa = PBXBuildFile; fileRef = CE15BC192A25051400569A2F /* graphicsArea.swift */; };
		CE2B7AFF2A1BFCDC0086CAA4 /* ConteudosAngulosNoTriangulo.swift in Sources */ = {isa = PBXBuildFile; fileRef = CE2B7AFE2A1BFCDC0086CAA4 /* ConteudosAngulosNoTriangulo.swift */; };
		CE2B7B012A1BFDEB0086CAA4 /* AplicationAngle.swift in Sources */ = {isa = PBXBuildFile; fileRef = CE2B7B002A1BFDEB0086CAA4 /* AplicationAngle.swift */; };
		CE2B7B032A1BFE710086CAA4 /* ExerciseAnglesTrianglses.swift in Sources */ = {isa = PBXBuildFile; fileRef = CE2B7B022A1BFE710086CAA4 /* ExerciseAnglesTrianglses.swift */; };
		CE91B90F2A0AB2EA00B55B59 /* aplicativoMacroChallengedApp.swift in Sources */ = {isa = PBXBuildFile; fileRef = CE91B90E2A0AB2EA00B55B59 /* aplicativoMacroChallengedApp.swift */; };
		CE91B9112A0AB2EA00B55B59 /* ContentView.swift in Sources */ = {isa = PBXBuildFile; fileRef = CE91B9102A0AB2EA00B55B59 /* ContentView.swift */; };
		CE91B9132A0AB2EB00B55B59 /* Assets.xcassets in Resources */ = {isa = PBXBuildFile; fileRef = CE91B9122A0AB2EB00B55B59 /* Assets.xcassets */; };
		CE91B9162A0AB2EB00B55B59 /* Preview Assets.xcassets in Resources */ = {isa = PBXBuildFile; fileRef = CE91B9152A0AB2EB00B55B59 /* Preview Assets.xcassets */; };
		CE9D71952A1E6BF2000AA3CB /* Localizable.strings in Resources */ = {isa = PBXBuildFile; fileRef = CE9D71972A1E6BF2000AA3CB /* Localizable.strings */; };
		CEC654D52A0F0F8D008350E3 /* buttonLibrary.swift in Sources */ = {isa = PBXBuildFile; fileRef = CEC654D42A0F0F8D008350E3 /* buttonLibrary.swift */; };
		CEECDCAD2A125F030081BA47 /* SF-Pro.ttf in Resources */ = {isa = PBXBuildFile; fileRef = CEECDCAB2A125F030081BA47 /* SF-Pro.ttf */; };
		CEECDCAE2A125F030081BA47 /* SF-Pro-Italic.ttf in Resources */ = {isa = PBXBuildFile; fileRef = CEECDCAC2A125F030081BA47 /* SF-Pro-Italic.ttf */; };
		CEFADE6B2A1FCE9F001EAD29 /* trophyArea.swift in Sources */ = {isa = PBXBuildFile; fileRef = CEFADE6A2A1FCE9F001EAD29 /* trophyArea.swift */; };
/* End PBXBuildFile section */

/* Begin PBXFileReference section */
		CE15BC192A25051400569A2F /* graphicsArea.swift */ = {isa = PBXFileReference; lastKnownFileType = sourcecode.swift; path = graphicsArea.swift; sourceTree = "<group>"; };
		CE2B7AFE2A1BFCDC0086CAA4 /* ConteudosAngulosNoTriangulo.swift */ = {isa = PBXFileReference; lastKnownFileType = sourcecode.swift; path = ConteudosAngulosNoTriangulo.swift; sourceTree = "<group>"; };
		CE2B7B002A1BFDEB0086CAA4 /* AplicationAngle.swift */ = {isa = PBXFileReference; lastKnownFileType = sourcecode.swift; path = AplicationAngle.swift; sourceTree = "<group>"; };
		CE2B7B022A1BFE710086CAA4 /* ExerciseAnglesTrianglses.swift */ = {isa = PBXFileReference; lastKnownFileType = sourcecode.swift; path = ExerciseAnglesTrianglses.swift; sourceTree = "<group>"; };
		CE91B90B2A0AB2EA00B55B59 /* MindMath.app */ = {isa = PBXFileReference; explicitFileType = wrapper.application; includeInIndex = 0; path = MindMath.app; sourceTree = BUILT_PRODUCTS_DIR; };
		CE91B90E2A0AB2EA00B55B59 /* aplicativoMacroChallengedApp.swift */ = {isa = PBXFileReference; lastKnownFileType = sourcecode.swift; path = aplicativoMacroChallengedApp.swift; sourceTree = "<group>"; };
		CE91B9102A0AB2EA00B55B59 /* ContentView.swift */ = {isa = PBXFileReference; lastKnownFileType = sourcecode.swift; path = ContentView.swift; sourceTree = "<group>"; };
		CE91B9122A0AB2EB00B55B59 /* Assets.xcassets */ = {isa = PBXFileReference; lastKnownFileType = folder.assetcatalog; path = Assets.xcassets; sourceTree = "<group>"; };
		CE91B9152A0AB2EB00B55B59 /* Preview Assets.xcassets */ = {isa = PBXFileReference; lastKnownFileType = folder.assetcatalog; path = "Preview Assets.xcassets"; sourceTree = "<group>"; };
		CE9D71962A1E6BF2000AA3CB /* en */ = {isa = PBXFileReference; lastKnownFileType = text.plist.strings; name = en; path = en.lproj/Localizable.strings; sourceTree = "<group>"; };
		CE9D71982A1E6BF7000AA3CB /* pt-BR */ = {isa = PBXFileReference; lastKnownFileType = text.plist.strings; name = "pt-BR"; path = "pt-BR.lproj/Localizable.strings"; sourceTree = "<group>"; };
		CEC6518D2A0EC6D200481D72 /* Info.plist */ = {isa = PBXFileReference; lastKnownFileType = text.plist; path = Info.plist; sourceTree = "<group>"; };
		CEC654D42A0F0F8D008350E3 /* buttonLibrary.swift */ = {isa = PBXFileReference; lastKnownFileType = sourcecode.swift; path = buttonLibrary.swift; sourceTree = "<group>"; };
		CEE05F302A0ED57D00B281BE /* aplicativoMacroChallenged.entitlements */ = {isa = PBXFileReference; lastKnownFileType = text.plist.entitlements; path = aplicativoMacroChallenged.entitlements; sourceTree = "<group>"; };
		CEECDCAB2A125F030081BA47 /* SF-Pro.ttf */ = {isa = PBXFileReference; lastKnownFileType = file; path = "SF-Pro.ttf"; sourceTree = "<group>"; };
		CEECDCAC2A125F030081BA47 /* SF-Pro-Italic.ttf */ = {isa = PBXFileReference; lastKnownFileType = file; path = "SF-Pro-Italic.ttf"; sourceTree = "<group>"; };
		CEFADE6A2A1FCE9F001EAD29 /* trophyArea.swift */ = {isa = PBXFileReference; lastKnownFileType = sourcecode.swift; path = trophyArea.swift; sourceTree = "<group>"; };
/* End PBXFileReference section */

/* Begin PBXFrameworksBuildPhase section */
		CE91B9082A0AB2EA00B55B59 /* Frameworks */ = {
			isa = PBXFrameworksBuildPhase;
			buildActionMask = 2147483647;
			files = (
			);
			runOnlyForDeploymentPostprocessing = 0;
		};
/* End PBXFrameworksBuildPhase section */

/* Begin PBXGroup section */
		CE91B9022A0AB2EA00B55B59 = {
			isa = PBXGroup;
			children = (
				CE91B90D2A0AB2EA00B55B59 /* aplicativoMacroChallenged */,
				CE91B90C2A0AB2EA00B55B59 /* Products */,
			);
			sourceTree = "<group>";
		};
		CE91B90C2A0AB2EA00B55B59 /* Products */ = {
			isa = PBXGroup;
			children = (
				CE91B90B2A0AB2EA00B55B59 /* MindMath.app */,
			);
			name = Products;
			sourceTree = "<group>";
		};
		CE91B90D2A0AB2EA00B55B59 /* aplicativoMacroChallenged */ = {
			isa = PBXGroup;
			children = (
				CEE05F302A0ED57D00B281BE /* aplicativoMacroChallenged.entitlements */,
				CEC6518D2A0EC6D200481D72 /* Info.plist */,
				CEECDCAC2A125F030081BA47 /* SF-Pro-Italic.ttf */,
				CEECDCAB2A125F030081BA47 /* SF-Pro.ttf */,
				CE15BC192A25051400569A2F /* graphicsArea.swift */,
				CEFADE6A2A1FCE9F001EAD29 /* trophyArea.swift */,
				CE91B90E2A0AB2EA00B55B59 /* aplicativoMacroChallengedApp.swift */,
				CEC654D42A0F0F8D008350E3 /* buttonLibrary.swift */,
				CE91B9102A0AB2EA00B55B59 /* ContentView.swift */,
				CE9D71972A1E6BF2000AA3CB /* Localizable.strings */,
				CE2B7B002A1BFDEB0086CAA4 /* AplicationAngle.swift */,
				CE2B7AFE2A1BFCDC0086CAA4 /* ConteudosAngulosNoTriangulo.swift */,
				CE2B7B022A1BFE710086CAA4 /* ExerciseAnglesTrianglses.swift */,
				CE91B9122A0AB2EB00B55B59 /* Assets.xcassets */,
				CE91B9142A0AB2EB00B55B59 /* Preview Content */,
			);
			path = aplicativoMacroChallenged;
			sourceTree = "<group>";
		};
		CE91B9142A0AB2EB00B55B59 /* Preview Content */ = {
			isa = PBXGroup;
			children = (
				CE91B9152A0AB2EB00B55B59 /* Preview Assets.xcassets */,
			);
			path = "Preview Content";
			sourceTree = "<group>";
		};
/* End PBXGroup section */

/* Begin PBXNativeTarget section */
		CE91B90A2A0AB2EA00B55B59 /* MindMath */ = {
			isa = PBXNativeTarget;
			buildConfigurationList = CE91B9192A0AB2EB00B55B59 /* Build configuration list for PBXNativeTarget "MindMath" */;
			buildPhases = (
				CE91B9072A0AB2EA00B55B59 /* Sources */,
				CE91B9082A0AB2EA00B55B59 /* Frameworks */,
				CE91B9092A0AB2EA00B55B59 /* Resources */,
			);
			buildRules = (
			);
			dependencies = (
			);
			name = MindMath;
			productName = aplicativoMacroChallenged;
			productReference = CE91B90B2A0AB2EA00B55B59 /* MindMath.app */;
			productType = "com.apple.product-type.application";
		};
/* End PBXNativeTarget section */

/* Begin PBXProject section */
		CE91B9032A0AB2EA00B55B59 /* Project object */ = {
			isa = PBXProject;
			attributes = {
				BuildIndependentTargetsInParallel = 1;
				LastSwiftUpdateCheck = 1430;
				LastUpgradeCheck = 1430;
				TargetAttributes = {
					CE91B90A2A0AB2EA00B55B59 = {
						CreatedOnToolsVersion = 14.3;
					};
				};
			};
			buildConfigurationList = CE91B9062A0AB2EA00B55B59 /* Build configuration list for PBXProject "MindMath" */;
			compatibilityVersion = "Xcode 14.0";
			developmentRegion = en;
			hasScannedForEncodings = 0;
			knownRegions = (
				en,
				Base,
				"pt-BR",
			);
			mainGroup = CE91B9022A0AB2EA00B55B59;
			productRefGroup = CE91B90C2A0AB2EA00B55B59 /* Products */;
			projectDirPath = "";
			projectRoot = "";
			targets = (
				CE91B90A2A0AB2EA00B55B59 /* MindMath */,
			);
		};
/* End PBXProject section */

/* Begin PBXResourcesBuildPhase section */
		CE91B9092A0AB2EA00B55B59 /* Resources */ = {
			isa = PBXResourcesBuildPhase;
			buildActionMask = 2147483647;
			files = (
				CE9D71952A1E6BF2000AA3CB /* Localizable.strings in Resources */,
				CE91B9162A0AB2EB00B55B59 /* Preview Assets.xcassets in Resources */,
				CEECDCAD2A125F030081BA47 /* SF-Pro.ttf in Resources */,
				CE91B9132A0AB2EB00B55B59 /* Assets.xcassets in Resources */,
				CEECDCAE2A125F030081BA47 /* SF-Pro-Italic.ttf in Resources */,
			);
			runOnlyForDeploymentPostprocessing = 0;
		};
/* End PBXResourcesBuildPhase section */

/* Begin PBXSourcesBuildPhase section */
		CE91B9072A0AB2EA00B55B59 /* Sources */ = {
			isa = PBXSourcesBuildPhase;
			buildActionMask = 2147483647;
			files = (
				CE91B9112A0AB2EA00B55B59 /* ContentView.swift in Sources */,
				CE2B7B032A1BFE710086CAA4 /* ExerciseAnglesTrianglses.swift in Sources */,
				CE2B7AFF2A1BFCDC0086CAA4 /* ConteudosAngulosNoTriangulo.swift in Sources */,
				CE2B7B012A1BFDEB0086CAA4 /* AplicationAngle.swift in Sources */,
				CE91B90F2A0AB2EA00B55B59 /* aplicativoMacroChallengedApp.swift in Sources */,
				CEFADE6B2A1FCE9F001EAD29 /* trophyArea.swift in Sources */,
				CEC654D52A0F0F8D008350E3 /* buttonLibrary.swift in Sources */,
				CE15BC1A2A25051400569A2F /* graphicsArea.swift in Sources */,
			);
			runOnlyForDeploymentPostprocessing = 0;
		};
/* End PBXSourcesBuildPhase section */

/* Begin PBXVariantGroup section */
		CE9D71972A1E6BF2000AA3CB /* Localizable.strings */ = {
			isa = PBXVariantGroup;
			children = (
				CE9D71962A1E6BF2000AA3CB /* en */,
				CE9D71982A1E6BF7000AA3CB /* pt-BR */,
			);
			name = Localizable.strings;
			sourceTree = "<group>";
		};
/* End PBXVariantGroup section */

/* Begin XCBuildConfiguration section */
		CE91B9172A0AB2EB00B55B59 /* Debug */ = {
			isa = XCBuildConfiguration;
			buildSettings = {
				ALWAYS_SEARCH_USER_PATHS = NO;
				CLANG_ANALYZER_NONNULL = YES;
				CLANG_ANALYZER_NUMBER_OBJECT_CONVERSION = YES_AGGRESSIVE;
				CLANG_CXX_LANGUAGE_STANDARD = "gnu++20";
				CLANG_ENABLE_MODULES = YES;
				CLANG_ENABLE_OBJC_ARC = YES;
				CLANG_ENABLE_OBJC_WEAK = YES;
				CLANG_WARN_BLOCK_CAPTURE_AUTORELEASING = YES;
				CLANG_WARN_BOOL_CONVERSION = YES;
				CLANG_WARN_COMMA = YES;
				CLANG_WARN_CONSTANT_CONVERSION = YES;
				CLANG_WARN_DEPRECATED_OBJC_IMPLEMENTATIONS = YES;
				CLANG_WARN_DIRECT_OBJC_ISA_USAGE = YES_ERROR;
				CLANG_WARN_DOCUMENTATION_COMMENTS = YES;
				CLANG_WARN_EMPTY_BODY = YES;
				CLANG_WARN_ENUM_CONVERSION = YES;
				CLANG_WARN_INFINITE_RECURSION = YES;
				CLANG_WARN_INT_CONVERSION = YES;
				CLANG_WARN_NON_LITERAL_NULL_CONVERSION = YES;
				CLANG_WARN_OBJC_IMPLICIT_RETAIN_SELF = YES;
				CLANG_WARN_OBJC_LITERAL_CONVERSION = YES;
				CLANG_WARN_OBJC_ROOT_CLASS = YES_ERROR;
				CLANG_WARN_QUOTED_INCLUDE_IN_FRAMEWORK_HEADER = YES;
				CLANG_WARN_RANGE_LOOP_ANALYSIS = YES;
				CLANG_WARN_STRICT_PROTOTYPES = YES;
				CLANG_WARN_SUSPICIOUS_MOVE = YES;
				CLANG_WARN_UNGUARDED_AVAILABILITY = YES_AGGRESSIVE;
				CLANG_WARN_UNREACHABLE_CODE = YES;
				CLANG_WARN__DUPLICATE_METHOD_MATCH = YES;
				COPY_PHASE_STRIP = NO;
				DEBUG_INFORMATION_FORMAT = dwarf;
				ENABLE_STRICT_OBJC_MSGSEND = YES;
				ENABLE_TESTABILITY = YES;
				GCC_C_LANGUAGE_STANDARD = gnu11;
				GCC_DYNAMIC_NO_PIC = NO;
				GCC_NO_COMMON_BLOCKS = YES;
				GCC_OPTIMIZATION_LEVEL = 0;
				GCC_PREPROCESSOR_DEFINITIONS = (
					"DEBUG=1",
					"$(inherited)",
				);
				GCC_WARN_64_TO_32_BIT_CONVERSION = YES;
				GCC_WARN_ABOUT_RETURN_TYPE = YES_ERROR;
				GCC_WARN_UNDECLARED_SELECTOR = YES;
				GCC_WARN_UNINITIALIZED_AUTOS = YES_AGGRESSIVE;
				GCC_WARN_UNUSED_FUNCTION = YES;
				GCC_WARN_UNUSED_VARIABLE = YES;
				IPHONEOS_DEPLOYMENT_TARGET = 16.4;
				MTL_ENABLE_DEBUG_INFO = INCLUDE_SOURCE;
				MTL_FAST_MATH = YES;
				ONLY_ACTIVE_ARCH = YES;
				SDKROOT = iphoneos;
				SWIFT_ACTIVE_COMPILATION_CONDITIONS = DEBUG;
				SWIFT_OPTIMIZATION_LEVEL = "-Onone";
			};
			name = Debug;
		};
		CE91B9182A0AB2EB00B55B59 /* Release */ = {
			isa = XCBuildConfiguration;
			buildSettings = {
				ALWAYS_SEARCH_USER_PATHS = NO;
				CLANG_ANALYZER_NONNULL = YES;
				CLANG_ANALYZER_NUMBER_OBJECT_CONVERSION = YES_AGGRESSIVE;
				CLANG_CXX_LANGUAGE_STANDARD = "gnu++20";
				CLANG_ENABLE_MODULES = YES;
				CLANG_ENABLE_OBJC_ARC = YES;
				CLANG_ENABLE_OBJC_WEAK = YES;
				CLANG_WARN_BLOCK_CAPTURE_AUTORELEASING = YES;
				CLANG_WARN_BOOL_CONVERSION = YES;
				CLANG_WARN_COMMA = YES;
				CLANG_WARN_CONSTANT_CONVERSION = YES;
				CLANG_WARN_DEPRECATED_OBJC_IMPLEMENTATIONS = YES;
				CLANG_WARN_DIRECT_OBJC_ISA_USAGE = YES_ERROR;
				CLANG_WARN_DOCUMENTATION_COMMENTS = YES;
				CLANG_WARN_EMPTY_BODY = YES;
				CLANG_WARN_ENUM_CONVERSION = YES;
				CLANG_WARN_INFINITE_RECURSION = YES;
				CLANG_WARN_INT_CONVERSION = YES;
				CLANG_WARN_NON_LITERAL_NULL_CONVERSION = YES;
				CLANG_WARN_OBJC_IMPLICIT_RETAIN_SELF = YES;
				CLANG_WARN_OBJC_LITERAL_CONVERSION = YES;
				CLANG_WARN_OBJC_ROOT_CLASS = YES_ERROR;
				CLANG_WARN_QUOTED_INCLUDE_IN_FRAMEWORK_HEADER = YES;
				CLANG_WARN_RANGE_LOOP_ANALYSIS = YES;
				CLANG_WARN_STRICT_PROTOTYPES = YES;
				CLANG_WARN_SUSPICIOUS_MOVE = YES;
				CLANG_WARN_UNGUARDED_AVAILABILITY = YES_AGGRESSIVE;
				CLANG_WARN_UNREACHABLE_CODE = YES;
				CLANG_WARN__DUPLICATE_METHOD_MATCH = YES;
				COPY_PHASE_STRIP = NO;
				DEBUG_INFORMATION_FORMAT = "dwarf-with-dsym";
				ENABLE_NS_ASSERTIONS = NO;
				ENABLE_STRICT_OBJC_MSGSEND = YES;
				GCC_C_LANGUAGE_STANDARD = gnu11;
				GCC_NO_COMMON_BLOCKS = YES;
				GCC_WARN_64_TO_32_BIT_CONVERSION = YES;
				GCC_WARN_ABOUT_RETURN_TYPE = YES_ERROR;
				GCC_WARN_UNDECLARED_SELECTOR = YES;
				GCC_WARN_UNINITIALIZED_AUTOS = YES_AGGRESSIVE;
				GCC_WARN_UNUSED_FUNCTION = YES;
				GCC_WARN_UNUSED_VARIABLE = YES;
				IPHONEOS_DEPLOYMENT_TARGET = 16.4;
				MTL_ENABLE_DEBUG_INFO = NO;
				MTL_FAST_MATH = YES;
				SDKROOT = iphoneos;
				SWIFT_COMPILATION_MODE = wholemodule;
				SWIFT_OPTIMIZATION_LEVEL = "-O";
				VALIDATE_PRODUCT = YES;
			};
			name = Release;
		};
		CE91B91A2A0AB2EB00B55B59 /* Debug */ = {
			isa = XCBuildConfiguration;
			buildSettings = {
				ASSETCATALOG_COMPILER_APPICON_NAME = AppIcon;
				ASSETCATALOG_COMPILER_GLOBAL_ACCENT_COLOR_NAME = AccentColor;
				CODE_SIGN_ENTITLEMENTS = aplicativoMacroChallenged/aplicativoMacroChallenged.entitlements;
				CODE_SIGN_IDENTITY = "Apple Development";
				CODE_SIGN_STYLE = Automatic;
				CURRENT_PROJECT_VERSION = 1;
				DEVELOPMENT_ASSET_PATHS = "\"aplicativoMacroChallenged/Preview Content\"";
				DEVELOPMENT_TEAM = 7PL64AUG55;
				ENABLE_PREVIEWS = YES;
				GENERATE_INFOPLIST_FILE = YES;
				INFOPLIST_FILE = aplicativoMacroChallenged/Info.plist;
				INFOPLIST_KEY_CFBundleDisplayName = MindMath;
				INFOPLIST_KEY_LSApplicationCategoryType = "public.app-category.education";
				INFOPLIST_KEY_UIApplicationSceneManifest_Generation = YES;
				INFOPLIST_KEY_UIApplicationSupportsIndirectInputEvents = YES;
				INFOPLIST_KEY_UILaunchScreen_Generation = YES;
				INFOPLIST_KEY_UIStatusBarStyle = "";
				INFOPLIST_KEY_UISupportedInterfaceOrientations = UIInterfaceOrientationPortrait;
				LD_RUNPATH_SEARCH_PATHS = (
					"$(inherited)",
					"@executable_path/Frameworks",
				);
				MARKETING_VERSION = 1.1;
				PRODUCT_BUNDLE_IDENTIFIER = MindMath;
				PRODUCT_NAME = "$(TARGET_NAME)";
				PROVISIONING_PROFILE_SPECIFIER = "";
				SUPPORTED_PLATFORMS = "iphoneos iphonesimulator";
				SUPPORTS_MACCATALYST = NO;
				SUPPORTS_MAC_DESIGNED_FOR_IPHONE_IPAD = NO;
				SWIFT_EMIT_LOC_STRINGS = YES;
				SWIFT_VERSION = 5.0;
				TARGETED_DEVICE_FAMILY = 1;
			};
			name = Debug;
		};
		CE91B91B2A0AB2EB00B55B59 /* Release */ = {
			isa = XCBuildConfiguration;
			buildSettings = {
				ASSETCATALOG_COMPILER_APPICON_NAME = AppIcon;
				ASSETCATALOG_COMPILER_GLOBAL_ACCENT_COLOR_NAME = AccentColor;
				CODE_SIGN_ENTITLEMENTS = aplicativoMacroChallenged/aplicativoMacroChallenged.entitlements;
				CODE_SIGN_IDENTITY = "Apple Development";
				CODE_SIGN_STYLE = Automatic;
				CURRENT_PROJECT_VERSION = 1;
				DEVELOPMENT_ASSET_PATHS = "\"aplicativoMacroChallenged/Preview Content\"";
				DEVELOPMENT_TEAM = 7PL64AUG55;
				ENABLE_PREVIEWS = YES;
				GENERATE_INFOPLIST_FILE = YES;
				INFOPLIST_FILE = aplicativoMacroChallenged/Info.plist;
				INFOPLIST_KEY_CFBundleDisplayName = MindMath;
				INFOPLIST_KEY_LSApplicationCategoryType = "public.app-category.education";
				INFOPLIST_KEY_UIApplicationSceneManifest_Generation = YES;
				INFOPLIST_KEY_UIApplicationSupportsIndirectInputEvents = YES;
				INFOPLIST_KEY_UILaunchScreen_Generation = YES;
				INFOPLIST_KEY_UIStatusBarStyle = "";
				INFOPLIST_KEY_UISupportedInterfaceOrientations = UIInterfaceOrientationPortrait;
				LD_RUNPATH_SEARCH_PATHS = (
					"$(inherited)",
					"@executable_path/Frameworks",
				);
				MARKETING_VERSION = 1.1;
				PRODUCT_BUNDLE_IDENTIFIER = MindMath;
				PRODUCT_NAME = "$(TARGET_NAME)";
				PROVISIONING_PROFILE_SPECIFIER = "";
				SUPPORTED_PLATFORMS = "iphoneos iphonesimulator";
				SUPPORTS_MACCATALYST = NO;
				SUPPORTS_MAC_DESIGNED_FOR_IPHONE_IPAD = NO;
				SWIFT_EMIT_LOC_STRINGS = YES;
				SWIFT_VERSION = 5.0;
				TARGETED_DEVICE_FAMILY = 1;
			};
			name = Release;
		};
/* End XCBuildConfiguration section */

/* Begin XCConfigurationList section */
		CE91B9062A0AB2EA00B55B59 /* Build configuration list for PBXProject "MindMath" */ = {
			isa = XCConfigurationList;
			buildConfigurations = (
				CE91B9172A0AB2EB00B55B59 /* Debug */,
				CE91B9182A0AB2EB00B55B59 /* Release */,
			);
			defaultConfigurationIsVisible = 0;
			defaultConfigurationName = Release;
		};
		CE91B9192A0AB2EB00B55B59 /* Build configuration list for PBXNativeTarget "MindMath" */ = {
			isa = XCConfigurationList;
			buildConfigurations = (
				CE91B91A2A0AB2EB00B55B59 /* Debug */,
				CE91B91B2A0AB2EB00B55B59 /* Release */,
			);
			defaultConfigurationIsVisible = 0;
			defaultConfigurationName = Release;
		};
/* End XCConfigurationList section */
	};
	rootObject = CE91B9032A0AB2EA00B55B59 /* Project object */;
}
